PODS:
  - "!ProtoCompiler (3.0.0)":
    - Protobuf (~> 3.0)
  - "!ProtoCompiler-gRPCPlugin (1.0.0)":
    - "!ProtoCompiler (= 3.0.0)"
    - gRPC-ProtoRPC (= 1.0.0)
  - BoringSSL (6.0):
    - BoringSSL/Implementation (= 6.0)
    - BoringSSL/Interface (= 6.0)
  - BoringSSL/Implementation (6.0):
    - BoringSSL/Interface (= 6.0)
  - BoringSSL/Interface (6.0)
  - gRPC (1.0.0):
    - gRPC-Core (= 1.0.0)
    - gRPC-RxLibrary (= 1.0.0)
  - gRPC-Core (1.0.0):
    - gRPC-Core/Implementation (= 1.0.0)
    - gRPC-Core/Interface (= 1.0.0)
  - gRPC-Core/Implementation (1.0.0):
    - BoringSSL (~> 6.0)
    - gRPC-Core/Interface (= 1.0.0)
  - gRPC-Core/Interface (1.0.0)
  - gRPC-ProtoRPC (1.0.0):
    - gRPC (= 1.0.0)
    - gRPC-RxLibrary (= 1.0.0)
    - Protobuf (~> 3.0)
  - gRPC-RxLibrary (1.0.0)
  - Protobuf (3.0.0)
  - RemoteClient (0.0.1):
    - "!ProtoCompiler-gRPCPlugin (~> 1.0.0)"
    - RemoteClient/Messages (= 0.0.1)
    - RemoteClient/Services (= 0.0.1)
  - RemoteClient/Messages (0.0.1):
    - "!ProtoCompiler-gRPCPlugin (~> 1.0.0)"
    - Protobuf
  - RemoteClient/Services (0.0.1):
    - "!ProtoCompiler-gRPCPlugin (~> 1.0.0)"
    - gRPC-ProtoRPC
    - RemoteClient/Messages

DEPENDENCIES:
  - RemoteClient (from `./RemoteClient`)

EXTERNAL SOURCES:
  RemoteClient:
    :path: "./RemoteClient"

SPEC CHECKSUMS:
  "!ProtoCompiler": b2bedbd8cbdafca8f73c2c52abfcc1a5ce0f5ff7
  "!ProtoCompiler-gRPCPlugin": c3f70b2094c99dcef29dd0658416f25c35a1c6f3
  BoringSSL: 8de34f3100d671c9cbc494e1a462004c486d7e34
  gRPC: 2d6b82f7a8773f933465bcbdf519a7cf8ebef41c
  gRPC-Core: 7ce9d18a7fb9fffc0f57646608d0741782b16996
  gRPC-ProtoRPC: 51745b5ebe4a844dc6e1ecf767d74ae3d124ea1e
  gRPC-RxLibrary: 3a8c5543115fb2183ed5624678e7ecbac5e9e4ad
  Protobuf: c032ce1bdf7a266acfd640fbfd8bdb166127c7f5
  RemoteClient: 5a30b52f76d26fcbf6dce83fe45efaed45a5cf32

PODFILE CHECKSUM: b0c457e7d1708ed479898c60c855d8ac011c71b0

COCOAPODS: 1.0.1
